Microsoft Visual Studio Solution File, Format Version 12.00
# Visual Studio Version 17
VisualStudioVersion = 17.14.35906.104
MinimumVisualStudioVersion = 10.0.40219.1
Project("{FAE04EC0-301F-11D3-BF4B-00C04F79EFBC}") = "SevenStar.AppHost", "SevenStar.AppHost\SevenStar.AppHost.csproj", "{128AAE3E-A4EE-4808-BE32-A84BF6640C8A}"
EndProject
Project("{FAE04EC0-301F-11D3-BF4B-00C04F79EFBC}") = "SevenStar.Company.Admin.Api", "SevenStar.Company.Admin.Api\SevenStar.Company.Admin.Api.csproj", "{3C355DED-94CA-5203-49D3-E61964C7DD9F}"
EndProject
Project("{FAE04EC0-301F-11D3-BF4B-00C04F79EFBC}") = "SevenStar.Company.Admin.Web", "SevenStar.Company.Admin.Web\SevenStar.Company.Admin.Web.csproj", "{29417E0F-C417-CE54-5B34-581F1D7950BF}"
EndProject
Project("{2150E333-8FDC-42A3-9474-1A3956D46DE8}") = "Common", "Common", "{02EA681E-C7D8-13C7-8484-4AC65E1B71E8}"
EndProject
Project("{2150E333-8FDC-42A3-9474-1A3956D46DE8}") = "SevenStar.Shared", "SevenStar.Shared", "{CA30A22E-3142-40CF-BCF6-13A0A2453C6B}"
EndProject
Project("{FAE04EC0-301F-11D3-BF4B-00C04F79EFBC}") = "Common.Api", "Common\Common.Api\Common.Api.csproj", "{11E591AD-88AB-1082-D7C9-3B424936DFB1}"
EndProject
Project("{FAE04EC0-301F-11D3-BF4B-00C04F79EFBC}") = "SevenStar.Shared.Domain.Api", "SevenStar.Shared\SevenStar.Shared.Domain.Api\SevenStar.Shared.Domain.Api.csproj", "{E8DBCA27-D928-EA9C-8316-C399BB8B7BC4}"
EndProject
Project("{FAE04EC0-301F-11D3-BF4B-00C04F79EFBC}") = "Common", "Common\Common\Common.csproj", "{2DC899A3-3374-49FE-AB6A-D8F8CD63FBBE}"
EndProject
Project("{FAE04EC0-301F-11D3-BF4B-00C04F79EFBC}") = "SevenStar.Shared.Domain.Imp", "SevenStar.Shared\SevenStar.Shared.Domain.Imp\SevenStar.Shared.Domain.Imp.csproj", "{4CB6FCDB-5914-4976-BCC6-D9622A723120}"
EndProject
Project("{2150E333-8FDC-42A3-9474-1A3956D46DE8}") = "Infrastructure", "Infrastructure", "{EC8CF188-7A5F-4340-B348-A13731E6ED20}"
EndProject
Project("{FAE04EC0-301F-11D3-BF4B-00C04F79EFBC}") = "Infrastructure.Logging.Serilog", "Infrastructure\Infrastructure.Logging.Serilog\Infrastructure.Logging.Serilog.csproj", "{D44D00FA-56A1-4BFD-A644-B06A6D19C094}"
EndProject
Project("{FAE04EC0-301F-11D3-BF4B-00C04F79EFBC}") = "SevenStar.Shared.Domain", "SevenStar.Shared\SevenStar.Shared.Domain\SevenStar.Shared.Domain.csproj", "{7CEE6CBC-4022-4974-BABD-0399A9C34635}"
EndProject
Project("{FAE04EC0-301F-11D3-BF4B-00C04F79EFBC}") = "Infrastructure.Data.Npgsql", "Infrastructure\Infrastructure.Data.Npgsql\Infrastructure.Data.Npgsql.csproj", "{D53DEC3F-A8C3-4045-80CF-E08E52BC06CB}"
EndProject
Project("{2150E333-8FDC-42A3-9474-1A3956D46DE8}") = "SevenStar.Data", "SevenStar.Data", "{FD21780B-8A8E-4FE7-B5E8-5CC5CC463085}"
EndProject
Project("{FAE04EC0-301F-11D3-BF4B-00C04F79EFBC}") = "SevenStar.Data.Company.Npgsql", "SevenStar.Data\SevenStar.Data.Company.Npgsql\SevenStar.Data.Company.Npgsql.csproj", "{25A9A4AA-8830-4F00-B78C-2FF432A83AB9}"
EndProject
Project("{FAE04EC0-301F-11D3-BF4B-00C04F79EFBC}") = "Infrastructure.Data", "Infrastructure\Infrastructure.Data\Infrastructure.Data.csproj", "{763E12F6-7E74-46FF-B0AE-634AA95DFEE8}"
EndProject
Project("{FAE04EC0-301F-11D3-BF4B-00C04F79EFBC}") = "SevenStar.Data.Company.MySql", "SevenStar.Data\SevenStar.Data.Company.MySql\SevenStar.Data.Company.MySql.csproj", "{A4F7C071-A101-4C78-B4C8-D6239DC45B40}"
EndProject
Project("{FAE04EC0-301F-11D3-BF4B-00C04F79EFBC}") = "Infrastructure.Data.MySql", "Infrastructure\Infrastructure.Data.MySql\Infrastructure.Data.MySql.csproj", "{D015EAA1-1EF3-460F-8BDE-9828717C58A1}"
EndProject
Project("{FAE04EC0-301F-11D3-BF4B-00C04F79EFBC}") = "Infrastructure.Caching.EasyCaching", "Infrastructure\Infrastructure.Caching.EasyCaching\Infrastructure.Caching.EasyCaching.csproj", "{B07338B5-6F5B-48F0-897E-F1D4357CDC53}"
EndProject
Project("{FAE04EC0-301F-11D3-BF4B-00C04F79EFBC}") = "Infrastructure.Caching.Redis", "Infrastructure\Infrastructure.Caching.Redis\Infrastructure.Caching.Redis.csproj", "{3F1F0B62-C923-4799-A6E3-6185511B0FF7}"
EndProject
Global
	GlobalSection(SolutionConfigurationPlatforms) = preSolution
		Debug|Any CPU = Debug|Any CPU
		Release|Any CPU = Release|Any CPU
	EndGlobalSection
	GlobalSection(ProjectConfigurationPlatforms) = postSolution
		{128AAE3E-A4EE-4808-BE32-A84BF6640C8A}.Debug|Any CPU.ActiveCfg = Debug|Any CPU
		{128AAE3E-A4EE-4808-BE32-A84BF6640C8A}.Debug|Any CPU.Build.0 = Debug|Any CPU
		{128AAE3E-A4EE-4808-BE32-A84BF6640C8A}.Release|Any CPU.ActiveCfg = Release|Any CPU
		{128AAE3E-A4EE-4808-BE32-A84BF6640C8A}.Release|Any CPU.Build.0 = Release|Any CPU
		{3C355DED-94CA-5203-49D3-E61964C7DD9F}.Debug|Any CPU.ActiveCfg = Debug|Any CPU
		{3C355DED-94CA-5203-49D3-E61964C7DD9F}.Debug|Any CPU.Build.0 = Debug|Any CPU
		{3C355DED-94CA-5203-49D3-E61964C7DD9F}.Release|Any CPU.ActiveCfg = Release|Any CPU
		{3C355DED-94CA-5203-49D3-E61964C7DD9F}.Release|Any CPU.Build.0 = Release|Any CPU
		{29417E0F-C417-CE54-5B34-581F1D7950BF}.Debug|Any CPU.ActiveCfg = Debug|Any CPU
		{29417E0F-C417-CE54-5B34-581F1D7950BF}.Debug|Any CPU.Build.0 = Debug|Any CPU
		{29417E0F-C417-CE54-5B34-581F1D7950BF}.Release|Any CPU.ActiveCfg = Release|Any CPU
		{29417E0F-C417-CE54-5B34-581F1D7950BF}.Release|Any CPU.Build.0 = Release|Any CPU
		{11E591AD-88AB-1082-D7C9-3B424936DFB1}.Debug|Any CPU.ActiveCfg = Debug|Any CPU
		{11E591AD-88AB-1082-D7C9-3B424936DFB1}.Debug|Any CPU.Build.0 = Debug|Any CPU
		{11E591AD-88AB-1082-D7C9-3B424936DFB1}.Release|Any CPU.ActiveCfg = Release|Any CPU
		{11E591AD-88AB-1082-D7C9-3B424936DFB1}.Release|Any CPU.Build.0 = Release|Any CPU
		{E8DBCA27-D928-EA9C-8316-C399BB8B7BC4}.Debug|Any CPU.ActiveCfg = Debug|Any CPU
		{E8DBCA27-D928-EA9C-8316-C399BB8B7BC4}.Debug|Any CPU.Build.0 = Debug|Any CPU
		{E8DBCA27-D928-EA9C-8316-C399BB8B7BC4}.Release|Any CPU.ActiveCfg = Release|Any CPU
		{E8DBCA27-D928-EA9C-8316-C399BB8B7BC4}.Release|Any CPU.Build.0 = Release|Any CPU
		{2DC899A3-3374-49FE-AB6A-D8F8CD63FBBE}.Debug|Any CPU.ActiveCfg = Debug|Any CPU
		{2DC899A3-3374-49FE-AB6A-D8F8CD63FBBE}.Debug|Any CPU.Build.0 = Debug|Any CPU
		{2DC899A3-3374-49FE-AB6A-D8F8CD63FBBE}.Release|Any CPU.ActiveCfg = Release|Any CPU
		{2DC899A3-3374-49FE-AB6A-D8F8CD63FBBE}.Release|Any CPU.Build.0 = Release|Any CPU
		{4CB6FCDB-5914-4976-BCC6-D9622A723120}.Debug|Any CPU.ActiveCfg = Debug|Any CPU
		{4CB6FCDB-5914-4976-BCC6-D9622A723120}.Debug|Any CPU.Build.0 = Debug|Any CPU
		{4CB6FCDB-5914-4976-BCC6-D9622A723120}.Release|Any CPU.ActiveCfg = Release|Any CPU
		{4CB6FCDB-5914-4976-BCC6-D9622A723120}.Release|Any CPU.Build.0 = Release|Any CPU
		{D44D00FA-56A1-4BFD-A644-B06A6D19C094}.Debug|Any CPU.ActiveCfg = Debug|Any CPU
		{D44D00FA-56A1-4BFD-A644-B06A6D19C094}.Debug|Any CPU.Build.0 = Debug|Any CPU
		{D44D00FA-56A1-4BFD-A644-B06A6D19C094}.Release|Any CPU.ActiveCfg = Release|Any CPU
		{D44D00FA-56A1-4BFD-A644-B06A6D19C094}.Release|Any CPU.Build.0 = Release|Any CPU
		{7CEE6CBC-4022-4974-BABD-0399A9C34635}.Debug|Any CPU.ActiveCfg = Debug|Any CPU
		{7CEE6CBC-4022-4974-BABD-0399A9C34635}.Debug|Any CPU.Build.0 = Debug|Any CPU
		{7CEE6CBC-4022-4974-BABD-0399A9C34635}.Release|Any CPU.ActiveCfg = Release|Any CPU
		{7CEE6CBC-4022-4974-BABD-0399A9C34635}.Release|Any CPU.Build.0 = Release|Any CPU
		{D53DEC3F-A8C3-4045-80CF-E08E52BC06CB}.Debug|Any CPU.ActiveCfg = Debug|Any CPU
		{D53DEC3F-A8C3-4045-80CF-E08E52BC06CB}.Debug|Any CPU.Build.0 = Debug|Any CPU
		{D53DEC3F-A8C3-4045-80CF-E08E52BC06CB}.Release|Any CPU.ActiveCfg = Release|Any CPU
		{D53DEC3F-A8C3-4045-80CF-E08E52BC06CB}.Release|Any CPU.Build.0 = Release|Any CPU
		{25A9A4AA-8830-4F00-B78C-2FF432A83AB9}.Debug|Any CPU.ActiveCfg = Debug|Any CPU
		{25A9A4AA-8830-4F00-B78C-2FF432A83AB9}.Debug|Any CPU.Build.0 = Debug|Any CPU
		{25A9A4AA-8830-4F00-B78C-2FF432A83AB9}.Release|Any CPU.ActiveCfg = Release|Any CPU
		{25A9A4AA-8830-4F00-B78C-2FF432A83AB9}.Release|Any CPU.Build.0 = Release|Any CPU
		{763E12F6-7E74-46FF-B0AE-634AA95DFEE8}.Debug|Any CPU.ActiveCfg = Debug|Any CPU
		{763E12F6-7E74-46FF-B0AE-634AA95DFEE8}.Debug|Any CPU.Build.0 = Debug|Any CPU
		{763E12F6-7E74-46FF-B0AE-634AA95DFEE8}.Release|Any CPU.ActiveCfg = Release|Any CPU
		{763E12F6-7E74-46FF-B0AE-634AA95DFEE8}.Release|Any CPU.Build.0 = Release|Any CPU
		{A4F7C071-A101-4C78-B4C8-D6239DC45B40}.Debug|Any CPU.ActiveCfg = Debug|Any CPU
		{A4F7C071-A101-4C78-B4C8-D6239DC45B40}.Debug|Any CPU.Build.0 = Debug|Any CPU
		{A4F7C071-A101-4C78-B4C8-D6239DC45B40}.Release|Any CPU.ActiveCfg = Release|Any CPU
		{A4F7C071-A101-4C78-B4C8-D6239DC45B40}.Release|Any CPU.Build.0 = Release|Any CPU
		{D015EAA1-1EF3-460F-8BDE-9828717C58A1}.Debug|Any CPU.ActiveCfg = Debug|Any CPU
		{D015EAA1-1EF3-460F-8BDE-9828717C58A1}.Debug|Any CPU.Build.0 = Debug|Any CPU
		{D015EAA1-1EF3-460F-8BDE-9828717C58A1}.Release|Any CPU.ActiveCfg = Release|Any CPU
		{D015EAA1-1EF3-460F-8BDE-9828717C58A1}.Release|Any CPU.Build.0 = Release|Any CPU
		{B07338B5-6F5B-48F0-897E-F1D4357CDC53}.Debug|Any CPU.ActiveCfg = Debug|Any CPU
		{B07338B5-6F5B-48F0-897E-F1D4357CDC53}.Debug|Any CPU.Build.0 = Debug|Any CPU
		{B07338B5-6F5B-48F0-897E-F1D4357CDC53}.Release|Any CPU.ActiveCfg = Release|Any CPU
		{B07338B5-6F5B-48F0-897E-F1D4357CDC53}.Release|Any CPU.Build.0 = Release|Any CPU
		{3F1F0B62-C923-4799-A6E3-6185511B0FF7}.Debug|Any CPU.ActiveCfg = Debug|Any CPU
		{3F1F0B62-C923-4799-A6E3-6185511B0FF7}.Debug|Any CPU.Build.0 = Debug|Any CPU
		{3F1F0B62-C923-4799-A6E3-6185511B0FF7}.Release|Any CPU.ActiveCfg = Release|Any CPU
		{3F1F0B62-C923-4799-A6E3-6185511B0FF7}.Release|Any CPU.Build.0 = Release|Any CPU
	EndGlobalSection
	GlobalSection(SolutionProperties) = preSolution
		HideSolutionNode = FALSE
	EndGlobalSection
	GlobalSection(NestedProjects) = preSolution
		{11E591AD-88AB-1082-D7C9-3B424936DFB1} = {02EA681E-C7D8-13C7-8484-4AC65E1B71E8}
		{E8DBCA27-D928-EA9C-8316-C399BB8B7BC4} = {CA30A22E-3142-40CF-BCF6-13A0A2453C6B}
		{2DC899A3-3374-49FE-AB6A-D8F8CD63FBBE} = {02EA681E-C7D8-13C7-8484-4AC65E1B71E8}
		{4CB6FCDB-5914-4976-BCC6-D9622A723120} = {CA30A22E-3142-40CF-BCF6-13A0A2453C6B}
		{D44D00FA-56A1-4BFD-A644-B06A6D19C094} = {EC8CF188-7A5F-4340-B348-A13731E6ED20}
		{7CEE6CBC-4022-4974-BABD-0399A9C34635} = {CA30A22E-3142-40CF-BCF6-13A0A2453C6B}
		{D53DEC3F-A8C3-4045-80CF-E08E52BC06CB} = {EC8CF188-7A5F-4340-B348-A13731E6ED20}
		{25A9A4AA-8830-4F00-B78C-2FF432A83AB9} = {FD21780B-8A8E-4FE7-B5E8-5CC5CC463085}
		{763E12F6-7E74-46FF-B0AE-634AA95DFEE8} = {EC8CF188-7A5F-4340-B348-A13731E6ED20}
		{A4F7C071-A101-4C78-B4C8-D6239DC45B40} = {FD21780B-8A8E-4FE7-B5E8-5CC5CC463085}
		{D015EAA1-1EF3-460F-8BDE-9828717C58A1} = {EC8CF188-7A5F-4340-B348-A13731E6ED20}
		{B07338B5-6F5B-48F0-897E-F1D4357CDC53} = {EC8CF188-7A5F-4340-B348-A13731E6ED20}
		{3F1F0B62-C923-4799-A6E3-6185511B0FF7} = {EC8CF188-7A5F-4340-B348-A13731E6ED20}
	EndGlobalSection
	GlobalSection(ExtensibilityGlobals) = postSolution
		SolutionGuid = {0C4DA5FA-CDAC-4B6C-B21C-2894EB0B22DB}
	EndGlobalSection
EndGlobal
